{
  "name": "tasmoadmin",
  "version": "1.0.0",
  "lockfileVersion": 1,
  "requires": true,
  "dependencies": {
    "@fortawesome/fontawesome-free": {
      "version": "6.0.0",
      "resolved": "https://registry.npmjs.org/@fortawesome/fontawesome-free/-/fontawesome-free-6.0.0.tgz",
      "integrity": "sha512-6LB4PYBST1Rx40klypw1SmSDArjFOcfBf2LeX9Zg5EKJT2eXiyiJq+CyBYKeXyK0sXS2FsCJWSPr/luyhuvh0Q=="
    },
    "bootstrap": {
      "version": "4.5.3",
      "resolved": "https://registry.npmjs.org/bootstrap/-/bootstrap-4.5.3.tgz",
      "integrity": "sha512-o9ppKQioXGqhw8Z7mah6KdTYpNQY//tipnkxppWhPbiSWdD+1raYsnhwEZjkTHYbGee4cVQ0Rx65EhOY/HNLcQ=="
    },
    "bootstrap-waitingfor": {
      "version": "1.2.7",
      "resolved": "https://registry.npmjs.org/bootstrap-waitingfor/-/bootstrap-waitingfor-1.2.7.tgz",
      "integrity": "sha512-L5F7qoAp4GFUVclEeZTbXRimctRjDGTU+lChjQyQJvxjSltt5UIwPzGvLXbHT5Gpu1qQdo1DJTcb/jN2U0E5mA=="
    },
    "javascript-natural-sort": {
      "version": "0.7.1",
      "resolved": "https://registry.npmjs.org/javascript-natural-sort/-/javascript-natural-sort-0.7.1.tgz",
      "integrity": "sha1-+eIwPUUH9tdDVac2ZNFED7Wg71k=",
      "optional": true
    },
    "shoestring": {
      "version": "2.0.1",
      "resolved": "https://registry.npmjs.org/shoestring/-/shoestring-2.0.1.tgz",
      "integrity": "sha512-F2jX6NN5OtZLzmt2Pnsfr4YZf7+H+3oZMTgRubtcS9Q+RuH0jZZASNsHkbrosX3GlHHfCF6QJgih+pxEY/pXhQ=="
    },
    "tablesaw": {
      "version": "3.1.2",
      "resolved": "https://registry.npmjs.org/tablesaw/-/tablesaw-3.1.2.tgz",
      "integrity": "sha512-TiFLcAaeM1OUysVO90nK2gMhFC/dukSt/RAFD3YkvawPyH6f/TGxPpvEe58vE/HM4iJlsvFMSoLJ5D600RtHrw==",
      "requires": {
        "javascript-natural-sort": "^0.7.1",
        "shoestring": "^2.0.0"
      }
    }
  }
}
