{
  "name": "tasmoadmin",
  "version": "1.0.0",
  "lockfileVersion": 3,
  "requires": true,
  "packages": {
    "": {
      "name": "tasmoadmin",
      "version": "1.0.0",
      "license": "GPL-3.0-or-later",
      "dependencies": {
        "@fortawesome/fontawesome-free": "^6.4.0",
        "@wikimedia/jquery.i18n": "^1.0.8",
        "bootstrap": "^4.6.2",
        "bootstrap-waitingfor": "^1.2.7",
        "jqdoublescroll": "^1.0.0",
        "jquery": "^3.7.0",
        "js-cookie": "^3.0.5",
        "popper.js": "^1.16.1",
        "tablesaw": "^3.1.2"
      },
      "devDependencies": {
        "@node-minify/clean-css": "^8.0.6",
        "@node-minify/core": "^8.0.6",
        "@node-minify/terser": "^8.0.6",
        "glob": "^10.2.6"
      }
    },
    "node_modules/@fortawesome/fontawesome-free": {
      "version": "6.4.0",
      "resolved": "https://registry.npmjs.org/@fortawesome/fontawesome-free/-/fontawesome-free-6.4.0.tgz",
      "integrity": "sha512-0NyytTlPJwB/BF5LtRV8rrABDbe3TdTXqNB3PdZ+UUUZAEIrdOJdmABqKjt4AXwIoJNaRVVZEXxpNrqvE1GAYQ==",
      "hasInstallScript": true,
      "engines": {
        "node": ">=6"
      }
    },
    "node_modules/@isaacs/cliui": {
      "version": "8.0.2",
      "resolved": "https://registry.npmjs.org/@isaacs/cliui/-/cliui-8.0.2.tgz",
      "integrity": "sha512-O8jcjabXaleOG9DQ0+ARXWZBTfnP4WNAqzuiJK7ll44AmxGKv/J2M4TPjxjY3znBCfvBXFzucm1twdyFybFqEA==",
      "dev": true,
      "dependencies": {
        "string-width": "^5.1.2",
        "string-width-cjs": "npm:string-width@^4.2.0",
        "strip-ansi": "^7.0.1",
        "strip-ansi-cjs": "npm:strip-ansi@^6.0.1",
        "wrap-ansi": "^8.1.0",
        "wrap-ansi-cjs": "npm:wrap-ansi@^7.0.0"
      },
      "engines": {
        "node": ">=12"
      }
    },
    "node_modules/@jridgewell/gen-mapping": {
      "version": "0.3.3",
      "resolved": "https://registry.npmjs.org/@jridgewell/gen-mapping/-/gen-mapping-0.3.3.tgz",
      "integrity": "sha512-HLhSWOLRi875zjjMG/r+Nv0oCW8umGb0BgEhyX3dDX3egwZtB8PqLnjz3yedt8R5StBrzcg4aBpnh8UA9D1BoQ==",
      "dev": true,
      "dependencies": {
        "@jridgewell/set-array": "^1.0.1",
        "@jridgewell/sourcemap-codec": "^1.4.10",
        "@jridgewell/trace-mapping": "^0.3.9"
      },
      "engines": {
        "node": ">=6.0.0"
      }
    },
    "node_modules/@jridgewell/resolve-uri": {
      "version": "3.1.0",
      "resolved": "https://registry.npmjs.org/@jridgewell/resolve-uri/-/resolve-uri-3.1.0.tgz",
      "integrity": "sha512-F2msla3tad+Mfht5cJq7LSXcdudKTWCVYUgw6pLFOOHSTtZlj6SWNYAp+AhuqLmWdBO2X5hPrLcu8cVP8fy28w==",
      "dev": true,
      "engines": {
        "node": ">=6.0.0"
      }
    },
    "node_modules/@jridgewell/set-array": {
      "version": "1.1.2",
      "resolved": "https://registry.npmjs.org/@jridgewell/set-array/-/set-array-1.1.2.tgz",
      "integrity": "sha512-xnkseuNADM0gt2bs+BvhO0p78Mk762YnZdsuzFV018NoG1Sj1SCQvpSqa7XUaTam5vAGasABV9qXASMKnFMwMw==",
      "dev": true,
      "engines": {
        "node": ">=6.0.0"
      }
    },
    "node_modules/@jridgewell/source-map": {
      "version": "0.3.3",
      "resolved": "https://registry.npmjs.org/@jridgewell/source-map/-/source-map-0.3.3.tgz",
      "integrity": "sha512-b+fsZXeLYi9fEULmfBrhxn4IrPlINf8fiNarzTof004v3lFdntdwa9PF7vFJqm3mg7s+ScJMxXaE3Acp1irZcg==",
      "dev": true,
      "dependencies": {
        "@jridgewell/gen-mapping": "^0.3.0",
        "@jridgewell/trace-mapping": "^0.3.9"
      }
    },
    "node_modules/@jridgewell/sourcemap-codec": {
      "version": "1.4.15",
      "resolved": "https://registry.npmjs.org/@jridgewell/sourcemap-codec/-/sourcemap-codec-1.4.15.tgz",
      "integrity": "sha512-eF2rxCRulEKXHTRiDrDy6erMYWqNw4LPdQ8UQA4huuxaQsVeRPFl2oM8oDGxMFhJUWZf9McpLtJasDDZb/Bpeg==",
      "dev": true
    },
    "node_modules/@jridgewell/trace-mapping": {
      "version": "0.3.18",
      "resolved": "https://registry.npmjs.org/@jridgewell/trace-mapping/-/trace-mapping-0.3.18.tgz",
      "integrity": "sha512-w+niJYzMHdd7USdiH2U6869nqhD2nbfZXND5Yp93qIbEmnDNk7PD48o+YchRVpzMU7M6jVCbenTR7PA1FLQ9pA==",
      "dev": true,
      "dependencies": {
        "@jridgewell/resolve-uri": "3.1.0",
        "@jridgewell/sourcemap-codec": "1.4.14"
      }
    },
    "node_modules/@jridgewell/trace-mapping/node_modules/@jridgewell/sourcemap-codec": {
      "version": "1.4.14",
      "resolved": "https://registry.npmjs.org/@jridgewell/sourcemap-codec/-/sourcemap-codec-1.4.14.tgz",
      "integrity": "sha512-XPSJHWmi394fuUuzDnGz1wiKqWfo1yXecHQMRf2l6hztTO+nPru658AyDngaBe7isIxEkRsPR3FZh+s7iVa4Uw==",
      "dev": true
    },
    "node_modules/@node-minify/clean-css": {
      "version": "8.0.6",
      "resolved": "https://registry.npmjs.org/@node-minify/clean-css/-/clean-css-8.0.6.tgz",
      "integrity": "sha512-nAmqnnYiG0cymPahE8bj7HDxomceM02bxonSr3Dx5YJsMBJ/ZoKVFCStihwIA3iY9HheHn9rCuOGrggD45ppxw==",
      "dev": true,
      "dependencies": {
        "@node-minify/utils": "8.0.6",
        "clean-css": "5.3.2"
      },
      "engines": {
        "node": ">=16.0.0"
      }
    },
    "node_modules/@node-minify/core": {
      "version": "8.0.6",
      "resolved": "https://registry.npmjs.org/@node-minify/core/-/core-8.0.6.tgz",
      "integrity": "sha512-/vxN46ieWDLU67CmgbArEvOb41zlYFOkOtr9QW9CnTrBLuTyGgkyNWC2y5+khvRw3Br58p2B5ZVSx/PxCTru6g==",
      "dev": true,
      "dependencies": {
        "@node-minify/utils": "8.0.6",
        "glob": "9.3.5",
        "mkdirp": "1.0.4"
      },
      "engines": {
        "node": ">=16.0.0"
      }
    },
    "node_modules/@node-minify/core/node_modules/glob": {
      "version": "9.3.5",
      "resolved": "https://registry.npmjs.org/glob/-/glob-9.3.5.tgz",
      "integrity": "sha512-e1LleDykUz2Iu+MTYdkSsuWX8lvAjAcs0Xef0lNIu0S2wOAzuTxCJtcd9S3cijlwYF18EsU3rzb8jPVobxDh9Q==",
      "dev": true,
      "dependencies": {
        "fs.realpath": "^1.0.0",
        "minimatch": "^8.0.2",
        "minipass": "^4.2.4",
        "path-scurry": "^1.6.1"
      },
      "engines": {
        "node": ">=16 || 14 >=14.17"
      },
      "funding": {
        "url": "https://github.com/sponsors/isaacs"
      }
    },
    "node_modules/@node-minify/core/node_modules/minimatch": {
      "version": "8.0.4",
      "resolved": "https://registry.npmjs.org/minimatch/-/minimatch-8.0.4.tgz",
      "integrity": "sha512-W0Wvr9HyFXZRGIDgCicunpQ299OKXs9RgZfaukz4qAW/pJhcpUfupc9c+OObPOFueNy8VSrZgEmDtk6Kh4WzDA==",
      "dev": true,
      "dependencies": {
        "brace-expansion": "^2.0.1"
      },
      "engines": {
        "node": ">=16 || 14 >=14.17"
      },
      "funding": {
        "url": "https://github.com/sponsors/isaacs"
      }
    },
    "node_modules/@node-minify/core/node_modules/minipass": {
      "version": "4.2.8",
      "resolved": "https://registry.npmjs.org/minipass/-/minipass-4.2.8.tgz",
      "integrity": "sha512-fNzuVyifolSLFL4NzpF+wEF4qrgqaaKX0haXPQEdQ7NKAN+WecoKMHV09YcuL/DHxrUsYQOK3MiuDf7Ip2OXfQ==",
      "dev": true,
      "engines": {
        "node": ">=8"
      }
    },
    "node_modules/@node-minify/terser": {
      "version": "8.0.6",
      "resolved": "https://registry.npmjs.org/@node-minify/terser/-/terser-8.0.6.tgz",
      "integrity": "sha512-grQ1ipham743ch2c3++C8Isk6toJnxJSyDiwUI/IWUCh4CZFD6aYVw6UAY40IpCnjrq5aXGwiv5OZJn6Pr0hvg==",
      "dev": true,
      "dependencies": {
        "@node-minify/utils": "8.0.6",
        "terser": "5.16.9"
      },
      "engines": {
        "node": ">=16.0.0"
      }
    },
    "node_modules/@node-minify/utils": {
      "version": "8.0.6",
      "resolved": "https://registry.npmjs.org/@node-minify/utils/-/utils-8.0.6.tgz",
      "integrity": "sha512-csY4qcR7jUwiZmkreNTJhcypQfts2aY2CK+a+rXgXUImZiZiySh0FvwHjRnlqWKvg+y6ae9lHFzDRjBTmqlTIQ==",
      "dev": true,
      "dependencies": {
        "gzip-size": "6.0.0"
      },
      "engines": {
        "node": ">=16.0.0"
      }
    },
    "node_modules/@pkgjs/parseargs": {
      "version": "0.11.0",
      "resolved": "https://registry.npmjs.org/@pkgjs/parseargs/-/parseargs-0.11.0.tgz",
      "integrity": "sha512-+1VkjdD0QBLPodGrJUeqarH8VAIvQODIbwh9XpP5Syisf7YoQgsJKPNFoqqLQlu+VQ/tVSshMR6loPMn8U+dPg==",
      "dev": true,
      "optional": true,
      "engines": {
        "node": ">=14"
      }
    },
    "node_modules/@wikimedia/jquery.i18n": {
      "version": "1.0.8",
      "resolved": "https://registry.npmjs.org/@wikimedia/jquery.i18n/-/jquery.i18n-1.0.8.tgz",
      "integrity": "sha512-wLqAjR+y/U7GRDLcfnUhMw3LaMw3HozXaKRgBR5b9De6Ly/QzzHKZKCcVePdG9+zSTCL8Grb8c9BAEWDR79dug=="
    },
    "node_modules/acorn": {
      "version": "8.8.2",
      "resolved": "https://registry.npmjs.org/acorn/-/acorn-8.8.2.tgz",
      "integrity": "sha512-xjIYgE8HBrkpd/sJqOGNspf8uHG+NOHGOw6a/Urj8taM2EXfdNAH2oFcPeIFfsv3+kz/mJrS5VuMqbNLjCa2vw==",
      "dev": true,
      "bin": {
        "acorn": "bin/acorn"
      },
      "engines": {
        "node": ">=0.4.0"
      }
    },
    "node_modules/ansi-regex": {
      "version": "6.0.1",
      "resolved": "https://registry.npmjs.org/ansi-regex/-/ansi-regex-6.0.1.tgz",
      "integrity": "sha512-n5M855fKb2SsfMIiFFoVrABHJC8QtHwVx+mHWP3QcEqBHYienj5dHSgjbxtC0WEZXYt4wcD6zrQElDPhFuZgfA==",
      "dev": true,
      "engines": {
        "node": ">=12"
      },
      "funding": {
        "url": "https://github.com/chalk/ansi-regex?sponsor=1"
      }
    },
    "node_modules/ansi-styles": {
      "version": "6.2.1",
      "resolved": "https://registry.npmjs.org/ansi-styles/-/ansi-styles-6.2.1.tgz",
      "integrity": "sha512-bN798gFfQX+viw3R7yrGWRqnrN2oRkEkUjjl4JNn4E8GxxbjtG3FbrEIIY3l8/hrwUwIeCZvi4QuOTP4MErVug==",
      "dev": true,
      "engines": {
        "node": ">=12"
      },
      "funding": {
        "url": "https://github.com/chalk/ansi-styles?sponsor=1"
      }
    },
    "node_modules/balanced-match": {
      "version": "1.0.2",
      "resolved": "https://registry.npmjs.org/balanced-match/-/balanced-match-1.0.2.tgz",
      "integrity": "sha512-3oSeUO0TMV67hN1AmbXsK4yaqU7tjiHlbxRDZOpH0KW9+CeX4bRAaX0Anxt0tx2MrpRpWwQaPwIlISEJhYU5Pw==",
      "dev": true
    },
    "node_modules/bootstrap": {
      "version": "4.6.2",
      "resolved": "https://registry.npmjs.org/bootstrap/-/bootstrap-4.6.2.tgz",
      "integrity": "sha512-51Bbp/Uxr9aTuy6ca/8FbFloBUJZLHwnhTcnjIeRn2suQWsWzcuJhGjKDB5eppVte/8oCdOL3VuwxvZDUggwGQ==",
      "funding": [
        {
          "type": "github",
          "url": "https://github.com/sponsors/twbs"
        },
        {
          "type": "opencollective",
          "url": "https://opencollective.com/bootstrap"
        }
      ],
      "peerDependencies": {
        "jquery": "1.9.1 - 3",
        "popper.js": "^1.16.1"
      }
    },
    "node_modules/bootstrap-waitingfor": {
      "version": "1.2.7",
      "resolved": "https://registry.npmjs.org/bootstrap-waitingfor/-/bootstrap-waitingfor-1.2.7.tgz",
      "integrity": "sha512-L5F7qoAp4GFUVclEeZTbXRimctRjDGTU+lChjQyQJvxjSltt5UIwPzGvLXbHT5Gpu1qQdo1DJTcb/jN2U0E5mA=="
    },
    "node_modules/brace-expansion": {
      "version": "2.0.1",
      "resolved": "https://registry.npmjs.org/brace-expansion/-/brace-expansion-2.0.1.tgz",
      "integrity": "sha512-XnAIvQ8eM+kC6aULx6wuQiwVsnzsi9d3WxzV3FpWTGA19F621kwdbsAcFKXgKUHZWsy+mY6iL1sHTxWEFCytDA==",
      "dev": true,
      "dependencies": {
        "balanced-match": "^1.0.0"
      }
    },
    "node_modules/buffer-from": {
      "version": "1.1.2",
      "resolved": "https://registry.npmjs.org/buffer-from/-/buffer-from-1.1.2.tgz",
      "integrity": "sha512-E+XQCRwSbaaiChtv6k6Dwgc+bx+Bs6vuKJHHl5kox/BaKbhiXzqQOwK4cO22yElGp2OCmjwVhT3HmxgyPGnJfQ==",
      "dev": true
    },
    "node_modules/clean-css": {
      "version": "5.3.2",
      "resolved": "https://registry.npmjs.org/clean-css/-/clean-css-5.3.2.tgz",
      "integrity": "sha512-JVJbM+f3d3Q704rF4bqQ5UUyTtuJ0JRKNbTKVEeujCCBoMdkEi+V+e8oktO9qGQNSvHrFTM6JZRXrUvGR1czww==",
      "dev": true,
      "dependencies": {
        "source-map": "~0.6.0"
      },
      "engines": {
        "node": ">= 10.0"
      }
    },
    "node_modules/color-convert": {
      "version": "2.0.1",
      "resolved": "https://registry.npmjs.org/color-convert/-/color-convert-2.0.1.tgz",
      "integrity": "sha512-RRECPsj7iu/xb5oKYcsFHSppFNnsj/52OVTRKb4zP5onXwVF3zVmmToNcOfGC+CRDpfK/U584fMg38ZHCaElKQ==",
      "dev": true,
      "dependencies": {
        "color-name": "~1.1.4"
      },
      "engines": {
        "node": ">=7.0.0"
      }
    },
    "node_modules/color-name": {
      "version": "1.1.4",
      "resolved": "https://registry.npmjs.org/color-name/-/color-name-1.1.4.tgz",
      "integrity": "sha512-dOy+3AuW3a2wNbZHIuMZpTcgjGuLU/uBL/ubcZF9OXbDo8ff4O8yVp5Bf0efS8uEoYo5q4Fx7dY9OgQGXgAsQA==",
      "dev": true
    },
    "node_modules/commander": {
      "version": "2.20.3",
      "resolved": "https://registry.npmjs.org/commander/-/commander-2.20.3.tgz",
      "integrity": "sha512-GpVkmM8vF2vQUkj2LvZmD35JxeJOLCwJ9cUkugyk2nuhbv3+mJvpLYYt+0+USMxE+oj+ey/lJEnhZw75x/OMcQ==",
      "dev": true
    },
    "node_modules/cross-spawn": {
      "version": "7.0.3",
      "resolved": "https://registry.npmjs.org/cross-spawn/-/cross-spawn-7.0.3.tgz",
      "integrity": "sha512-iRDPJKUPVEND7dHPO8rkbOnPpyDygcDFtWjpeWNCgy8WP2rXcxXL8TskReQl6OrB2G7+UJrags1q15Fudc7G6w==",
      "dev": true,
      "dependencies": {
        "path-key": "^3.1.0",
        "shebang-command": "^2.0.0",
        "which": "^2.0.1"
      },
      "engines": {
        "node": ">= 8"
      }
    },
    "node_modules/duplexer": {
      "version": "0.1.2",
      "resolved": "https://registry.npmjs.org/duplexer/-/duplexer-0.1.2.tgz",
      "integrity": "sha512-jtD6YG370ZCIi/9GTaJKQxWTZD045+4R4hTk/x1UyoqadyJ9x9CgSi1RlVDQF8U2sxLLSnFkCaMihqljHIWgMg==",
      "dev": true
    },
    "node_modules/eastasianwidth": {
      "version": "0.2.0",
      "resolved": "https://registry.npmjs.org/eastasianwidth/-/eastasianwidth-0.2.0.tgz",
      "integrity": "sha512-I88TYZWc9XiYHRQ4/3c5rjjfgkjhLyW2luGIheGERbNQ6OY7yTybanSpDXZa8y7VUP9YmDcYa+eyq4ca7iLqWA==",
      "dev": true
    },
    "node_modules/emoji-regex": {
      "version": "9.2.2",
      "resolved": "https://registry.npmjs.org/emoji-regex/-/emoji-regex-9.2.2.tgz",
      "integrity": "sha512-L18DaJsXSUk2+42pv8mLs5jJT2hqFkFE4j21wOmgbUqsZ2hL72NsUU785g9RXgo3s0ZNgVl42TiHp3ZtOv/Vyg==",
      "dev": true
    },
    "node_modules/foreground-child": {
      "version": "3.1.1",
      "resolved": "https://registry.npmjs.org/foreground-child/-/foreground-child-3.1.1.tgz",
      "integrity": "sha512-TMKDUnIte6bfb5nWv7V/caI169OHgvwjb7V4WkeUvbQQdjr5rWKqHFiKWb/fcOwB+CzBT+qbWjvj+DVwRskpIg==",
      "dev": true,
      "dependencies": {
        "cross-spawn": "^7.0.0",
        "signal-exit": "^4.0.1"
      },
      "engines": {
        "node": ">=14"
      },
      "funding": {
        "url": "https://github.com/sponsors/isaacs"
      }
    },
    "node_modules/fs.realpath": {
      "version": "1.0.0",
      "resolved": "https://registry.npmjs.org/fs.realpath/-/fs.realpath-1.0.0.tgz",
      "integrity": "sha512-OO0pH2lK6a0hZnAdau5ItzHPI6pUlvI7jMVnxUQRtw4owF2wk8lOSabtGDCTP4Ggrg2MbGnWO9X8K1t4+fGMDw==",
      "dev": true
    },
    "node_modules/glob": {
      "version": "10.2.6",
      "resolved": "https://registry.npmjs.org/glob/-/glob-10.2.6.tgz",
      "integrity": "sha512-U/rnDpXJGF414QQQZv5uVsabTVxMSwzS5CH0p3DRCIV6ownl4f7PzGnkGmvlum2wB+9RlJWJZ6ACU1INnBqiPA==",
      "dev": true,
      "dependencies": {
        "foreground-child": "^3.1.0",
        "jackspeak": "^2.0.3",
        "minimatch": "^9.0.1",
        "minipass": "^5.0.0 || ^6.0.2",
        "path-scurry": "^1.7.0"
      },
      "bin": {
        "glob": "dist/cjs/src/bin.js"
      },
      "engines": {
        "node": ">=16 || 14 >=14.17"
      },
      "funding": {
        "url": "https://github.com/sponsors/isaacs"
      }
    },
    "node_modules/gzip-size": {
      "version": "6.0.0",
      "resolved": "https://registry.npmjs.org/gzip-size/-/gzip-size-6.0.0.tgz",
      "integrity": "sha512-ax7ZYomf6jqPTQ4+XCpUGyXKHk5WweS+e05MBO4/y3WJ5RkmPXNKvX+bx1behVILVwr6JSQvZAku021CHPXG3Q==",
      "dev": true,
      "dependencies": {
        "duplexer": "^0.1.2"
      },
      "engines": {
        "node": ">=10"
      },
      "funding": {
        "url": "https://github.com/sponsors/sindresorhus"
      }
    },
    "node_modules/is-fullwidth-code-point": {
      "version": "3.0.0",
      "resolved": "https://registry.npmjs.org/is-fullwidth-code-point/-/is-fullwidth-code-point-3.0.0.tgz",
      "integrity": "sha512-zymm5+u+sCsSWyD9qNaejV3DFvhCKclKdizYaJUuHA83RLjb7nSuGnddCHGv0hk+KY7BMAlsWeK4Ueg6EV6XQg==",
      "dev": true,
      "engines": {
        "node": ">=8"
      }
    },
    "node_modules/isexe": {
      "version": "2.0.0",
      "resolved": "https://registry.npmjs.org/isexe/-/isexe-2.0.0.tgz",
      "integrity": "sha512-RHxMLp9lnKHGHRng9QFhRCMbYAcVpn69smSGcq3f36xjgVVWThj4qqLbTLlq7Ssj8B+fIQ1EuCEGI2lKsyQeIw==",
      "dev": true
    },
    "node_modules/jackspeak": {
      "version": "2.2.1",
      "resolved": "https://registry.npmjs.org/jackspeak/-/jackspeak-2.2.1.tgz",
      "integrity": "sha512-MXbxovZ/Pm42f6cDIDkl3xpwv1AGwObKwfmjs2nQePiy85tP3fatofl3FC1aBsOtP/6fq5SbtgHwWcMsLP+bDw==",
      "dev": true,
      "dependencies": {
        "@isaacs/cliui": "^8.0.2"
      },
      "engines": {
        "node": ">=14"
      },
      "funding": {
        "url": "https://github.com/sponsors/isaacs"
      },
      "optionalDependencies": {
        "@pkgjs/parseargs": "^0.11.0"
      }
    },
    "node_modules/javascript-natural-sort": {
      "version": "0.7.1",
      "resolved": "https://registry.npmjs.org/javascript-natural-sort/-/javascript-natural-sort-0.7.1.tgz",
      "integrity": "sha512-nO6jcEfZWQXDhOiBtG2KvKyEptz7RVbpGP4vTD2hLBdmNQSsCiicO2Ioinv6UI4y9ukqnBpy+XZ9H6uLNgJTlw==",
      "optional": true
    },
    "node_modules/jqdoublescroll": {
      "version": "1.0.0",
      "resolved": "https://registry.npmjs.org/jqdoublescroll/-/jqdoublescroll-1.0.0.tgz",
      "integrity": "sha512-qT39EZlu4ffykc+3LYxtREjz0uupfR4HZa05Bk46h1vTrMehwHbwUdnwv9rEaQTG+XvtJ1ds8p1jq3pLuHPv4A=="
    },
    "node_modules/jquery": {
      "version": "3.7.0",
      "resolved": "https://registry.npmjs.org/jquery/-/jquery-3.7.0.tgz",
      "integrity": "sha512-umpJ0/k8X0MvD1ds0P9SfowREz2LenHsQaxSohMZ5OMNEU2r0tf8pdeEFTHMFxWVxKNyU9rTtK3CWzUCTKJUeQ=="
    },
    "node_modules/js-cookie": {
      "version": "3.0.5",
      "resolved": "https://registry.npmjs.org/js-cookie/-/js-cookie-3.0.5.tgz",
      "integrity": "sha512-cEiJEAEoIbWfCZYKWhVwFuvPX1gETRYPw6LlaTKoxD3s2AkXzkCjnp6h0V77ozyqj0jakteJ4YqDJT830+lVGw==",
      "engines": {
        "node": ">=14"
      }
    },
    "node_modules/lru-cache": {
      "version": "9.1.1",
      "resolved": "https://registry.npmjs.org/lru-cache/-/lru-cache-9.1.1.tgz",
      "integrity": "sha512-65/Jky17UwSb0BuB9V+MyDpsOtXKmYwzhyl+cOa9XUiI4uV2Ouy/2voFP3+al0BjZbJgMBD8FojMpAf+Z+qn4A==",
      "dev": true,
      "engines": {
        "node": "14 || >=16.14"
      }
    },
    "node_modules/minimatch": {
      "version": "9.0.1",
      "resolved": "https://registry.npmjs.org/minimatch/-/minimatch-9.0.1.tgz",
      "integrity": "sha512-0jWhJpD/MdhPXwPuiRkCbfYfSKp2qnn2eOc279qI7f+osl/l+prKSrvhg157zSYvx/1nmgn2NqdT6k2Z7zSH9w==",
      "dev": true,
      "dependencies": {
        "brace-expansion": "^2.0.1"
      },
      "engines": {
        "node": ">=16 || 14 >=14.17"
      },
      "funding": {
        "url": "https://github.com/sponsors/isaacs"
      }
    },
    "node_modules/minipass": {
      "version": "6.0.2",
      "resolved": "https://registry.npmjs.org/minipass/-/minipass-6.0.2.tgz",
      "integrity": "sha512-MzWSV5nYVT7mVyWCwn2o7JH13w2TBRmmSqSRCKzTw+lmft9X4z+3wjvs06Tzijo5z4W/kahUCDpRXTF+ZrmF/w==",
      "dev": true,
      "engines": {
        "node": ">=16 || 14 >=14.17"
      }
    },
    "node_modules/mkdirp": {
      "version": "1.0.4",
      "resolved": "https://registry.npmjs.org/mkdirp/-/mkdirp-1.0.4.tgz",
      "integrity": "sha512-vVqVZQyf3WLx2Shd0qJ9xuvqgAyKPLAiqITEtqW0oIUjzo3PePDd6fW9iFz30ef7Ysp/oiWqbhszeGWW2T6Gzw==",
      "dev": true,
      "bin": {
        "mkdirp": "bin/cmd.js"
      },
      "engines": {
        "node": ">=10"
      }
    },
    "node_modules/path-key": {
      "version": "3.1.1",
      "resolved": "https://registry.npmjs.org/path-key/-/path-key-3.1.1.tgz",
      "integrity": "sha512-ojmeN0qd+y0jszEtoY48r0Peq5dwMEkIlCOu6Q5f41lfkswXuKtYrhgoTpLnyIcHm24Uhqx+5Tqm2InSwLhE6Q==",
      "dev": true,
      "engines": {
        "node": ">=8"
      }
    },
    "node_modules/path-scurry": {
      "version": "1.9.2",
      "resolved": "https://registry.npmjs.org/path-scurry/-/path-scurry-1.9.2.tgz",
      "integrity": "sha512-qSDLy2aGFPm8i4rsbHd4MNyTcrzHFsLQykrtbuGRknZZCBBVXSv2tSCDN2Cg6Rt/GFRw8GoW9y9Ecw5rIPG1sg==",
      "dev": true,
      "dependencies": {
        "lru-cache": "^9.1.1",
        "minipass": "^5.0.0 || ^6.0.2"
      },
      "engines": {
        "node": ">=16 || 14 >=14.17"
      },
      "funding": {
        "url": "https://github.com/sponsors/isaacs"
      }
    },
    "node_modules/popper.js": {
      "version": "1.16.1",
      "resolved": "https://registry.npmjs.org/popper.js/-/popper.js-1.16.1.tgz",
      "integrity": "sha512-Wb4p1J4zyFTbM+u6WuO4XstYx4Ky9Cewe4DWrel7B0w6VVICvPwdOpotjzcf6eD8TsckVnIMNONQyPIUFOUbCQ==",
      "deprecated": "You can find the new Popper v2 at @popperjs/core, this package is dedicated to the legacy v1",
      "funding": {
        "type": "opencollective",
        "url": "https://opencollective.com/popperjs"
      }
    },
    "node_modules/shebang-command": {
      "version": "2.0.0",
      "resolved": "https://registry.npmjs.org/shebang-command/-/shebang-command-2.0.0.tgz",
      "integrity": "sha512-kHxr2zZpYtdmrN1qDjrrX/Z1rR1kG8Dx+gkpK1G4eXmvXswmcE1hTWBWYUzlraYw1/yZp6YuDY77YtvbN0dmDA==",
      "dev": true,
      "dependencies": {
        "shebang-regex": "^3.0.0"
      },
      "engines": {
        "node": ">=8"
      }
    },
    "node_modules/shebang-regex": {
      "version": "3.0.0",
      "resolved": "https://registry.npmjs.org/shebang-regex/-/shebang-regex-3.0.0.tgz",
      "integrity": "sha512-7++dFhtcx3353uBaq8DDR4NuxBetBzC7ZQOhmTQInHEd6bSrXdiEyzCvG07Z44UYdLShWUyXt5M/yhz8ekcb1A==",
      "dev": true,
      "engines": {
        "node": ">=8"
      }
    },
    "node_modules/shoestring": {
      "version": "2.0.1",
      "resolved": "https://registry.npmjs.org/shoestring/-/shoestring-2.0.1.tgz",
      "integrity": "sha512-F2jX6NN5OtZLzmt2Pnsfr4YZf7+H+3oZMTgRubtcS9Q+RuH0jZZASNsHkbrosX3GlHHfCF6QJgih+pxEY/pXhQ=="
    },
    "node_modules/signal-exit": {
      "version": "4.0.2",
      "resolved": "https://registry.npmjs.org/signal-exit/-/signal-exit-4.0.2.tgz",
      "integrity": "sha512-MY2/qGx4enyjprQnFaZsHib3Yadh3IXyV2C321GY0pjGfVBu4un0uDJkwgdxqO+Rdx8JMT8IfJIRwbYVz3Ob3Q==",
      "dev": true,
      "engines": {
        "node": ">=14"
      },
      "funding": {
        "url": "https://github.com/sponsors/isaacs"
      }
    },
    "node_modules/source-map": {
      "version": "0.6.1",
      "resolved": "https://registry.npmjs.org/source-map/-/source-map-0.6.1.tgz",
      "integrity": "sha512-UjgapumWlbMhkBgzT7Ykc5YXUT46F0iKu8SGXq0bcwP5dz/h0Plj6enJqjz1Zbq2l5WaqYnrVbwWOWMyF3F47g==",
      "dev": true,
      "engines": {
        "node": ">=0.10.0"
      }
    },
    "node_modules/source-map-support": {
      "version": "0.5.21",
      "resolved": "https://registry.npmjs.org/source-map-support/-/source-map-support-0.5.21.tgz",
      "integrity": "sha512-uBHU3L3czsIyYXKX88fdrGovxdSCoTGDRZ6SYXtSRxLZUzHg5P/66Ht6uoUlHu9EZod+inXhKo3qQgwXUT/y1w==",
      "dev": true,
      "dependencies": {
        "buffer-from": "^1.0.0",
        "source-map": "^0.6.0"
      }
    },
    "node_modules/string-width": {
      "version": "5.1.2",
      "resolved": "https://registry.npmjs.org/string-width/-/string-width-5.1.2.tgz",
      "integrity": "sha512-HnLOCR3vjcY8beoNLtcjZ5/nxn2afmME6lhrDrebokqMap+XbeW8n9TXpPDOqdGK5qcI3oT0GKTW6wC7EMiVqA==",
      "dev": true,
      "dependencies": {
        "eastasianwidth": "^0.2.0",
        "emoji-regex": "^9.2.2",
        "strip-ansi": "^7.0.1"
      },
      "engines": {
        "node": ">=12"
      },
      "funding": {
        "url": "https://github.com/sponsors/sindresorhus"
      }
    },
    "node_modules/string-width-cjs": {
      "name": "string-width",
      "version": "4.2.3",
      "resolved": "https://registry.npmjs.org/string-width/-/string-width-4.2.3.tgz",
      "integrity": "sha512-wKyQRQpjJ0sIp62ErSZdGsjMJWsap5oRNihHhu6G7JVO/9jIB6UyevL+tXuOqrng8j/cxKTWyWUwvSTriiZz/g==",
      "dev": true,
      "dependencies": {
        "emoji-regex": "^8.0.0",
        "is-fullwidth-code-point": "^3.0.0",
        "strip-ansi": "^6.0.1"
      },
      "engines": {
        "node": ">=8"
      }
    },
    "node_modules/string-width-cjs/node_modules/ansi-regex": {
      "version": "5.0.1",
      "resolved": "https://registry.npmjs.org/ansi-regex/-/ansi-regex-5.0.1.tgz",
      "integrity": "sha512-quJQXlTSUGL2LH9SUXo8VwsY4soanhgo6LNSm84E1LBcE8s3O0wpdiRzyR9z/ZZJMlMWv37qOOb9pdJlMUEKFQ==",
      "dev": true,
      "engines": {
        "node": ">=8"
      }
    },
    "node_modules/string-width-cjs/node_modules/emoji-regex": {
      "version": "8.0.0",
      "resolved": "https://registry.npmjs.org/emoji-regex/-/emoji-regex-8.0.0.tgz",
      "integrity": "sha512-MSjYzcWNOA0ewAHpz0MxpYFvwg6yjy1NG3xteoqz644VCo/RPgnr1/GGt+ic3iJTzQ8Eu3TdM14SawnVUmGE6A==",
      "dev": true
    },
    "node_modules/string-width-cjs/node_modules/strip-ansi": {
      "version": "6.0.1",
      "resolved": "https://registry.npmjs.org/strip-ansi/-/strip-ansi-6.0.1.tgz",
      "integrity": "sha512-Y38VPSHcqkFrCpFnQ9vuSXmquuv5oXOKpGeT6aGrr3o3Gc9AlVa6JBfUSOCnbxGGZF+/0ooI7KrPuUSztUdU5A==",
      "dev": true,
      "dependencies": {
        "ansi-regex": "^5.0.1"
      },
      "engines": {
        "node": ">=8"
      }
    },
    "node_modules/strip-ansi": {
      "version": "7.0.1",
      "resolved": "https://registry.npmjs.org/strip-ansi/-/strip-ansi-7.0.1.tgz",
      "integrity": "sha512-cXNxvT8dFNRVfhVME3JAe98mkXDYN2O1l7jmcwMnOslDeESg1rF/OZMtK0nRAhiari1unG5cD4jG3rapUAkLbw==",
      "dev": true,
      "dependencies": {
        "ansi-regex": "^6.0.1"
      },
      "engines": {
        "node": ">=12"
      },
      "funding": {
        "url": "https://github.com/chalk/strip-ansi?sponsor=1"
      }
    },
    "node_modules/strip-ansi-cjs": {
      "name": "strip-ansi",
      "version": "6.0.1",
      "resolved": "https://registry.npmjs.org/strip-ansi/-/strip-ansi-6.0.1.tgz",
      "integrity": "sha512-Y38VPSHcqkFrCpFnQ9vuSXmquuv5oXOKpGeT6aGrr3o3Gc9AlVa6JBfUSOCnbxGGZF+/0ooI7KrPuUSztUdU5A==",
      "dev": true,
      "dependencies": {
        "ansi-regex": "^5.0.1"
      },
      "engines": {
        "node": ">=8"
      }
    },
    "node_modules/strip-ansi-cjs/node_modules/ansi-regex": {
      "version": "5.0.1",
      "resolved": "https://registry.npmjs.org/ansi-regex/-/ansi-regex-5.0.1.tgz",
      "integrity": "sha512-quJQXlTSUGL2LH9SUXo8VwsY4soanhgo6LNSm84E1LBcE8s3O0wpdiRzyR9z/ZZJMlMWv37qOOb9pdJlMUEKFQ==",
      "dev": true,
      "engines": {
        "node": ">=8"
      }
    },
    "node_modules/tablesaw": {
      "version": "3.1.2",
      "resolved": "https://registry.npmjs.org/tablesaw/-/tablesaw-3.1.2.tgz",
      "integrity": "sha512-TiFLcAaeM1OUysVO90nK2gMhFC/dukSt/RAFD3YkvawPyH6f/TGxPpvEe58vE/HM4iJlsvFMSoLJ5D600RtHrw==",
      "dependencies": {
        "shoestring": "^2.0.0"
      },
      "engines": {
        "node": ">= 4"
      },
      "optionalDependencies": {
        "javascript-natural-sort": "^0.7.1"
      }
    },
    "node_modules/terser": {
      "version": "5.16.9",
      "resolved": "https://registry.npmjs.org/terser/-/terser-5.16.9.tgz",
      "integrity": "sha512-HPa/FdTB9XGI2H1/keLFZHxl6WNvAI4YalHGtDQTlMnJcoqSab1UwL4l1hGEhs6/GmLHBZIg/YgB++jcbzoOEg==",
      "dev": true,
      "dependencies": {
        "@jridgewell/source-map": "^0.3.2",
        "acorn": "^8.5.0",
        "commander": "^2.20.0",
        "source-map-support": "~0.5.20"
      },
      "bin": {
        "terser": "bin/terser"
      },
      "engines": {
        "node": ">=10"
      }
    },
    "node_modules/which": {
      "version": "2.0.2",
      "resolved": "https://registry.npmjs.org/which/-/which-2.0.2.tgz",
      "integrity": "sha512-BLI3Tl1TW3Pvl70l3yq3Y64i+awpwXqsGBYWkkqMtnbXgrMD+yj7rhW0kuEDxzJaYXGjEW5ogapKNMEKNMjibA==",
      "dev": true,
      "dependencies": {
        "isexe": "^2.0.0"
      },
      "bin": {
        "node-which": "bin/node-which"
      },
      "engines": {
        "node": ">= 8"
      }
    },
    "node_modules/wrap-ansi": {
      "version": "8.1.0",
      "resolved": "https://registry.npmjs.org/wrap-ansi/-/wrap-ansi-8.1.0.tgz",
      "integrity": "sha512-si7QWI6zUMq56bESFvagtmzMdGOtoxfR+Sez11Mobfc7tm+VkUckk9bW2UeffTGVUbOksxmSw0AA2gs8g71NCQ==",
      "dev": true,
      "dependencies": {
        "ansi-styles": "^6.1.0",
        "string-width": "^5.0.1",
        "strip-ansi": "^7.0.1"
      },
      "engines": {
        "node": ">=12"
      },
      "funding": {
        "url": "https://github.com/chalk/wrap-ansi?sponsor=1"
      }
    },
    "node_modules/wrap-ansi-cjs": {
      "name": "wrap-ansi",
      "version": "7.0.0",
      "resolved": "https://registry.npmjs.org/wrap-ansi/-/wrap-ansi-7.0.0.tgz",
      "integrity": "sha512-YVGIj2kamLSTxw6NsZjoBxfSwsn0ycdesmc4p+Q21c5zPuZ1pl+NfxVdxPtdHvmNVOQ6XSYG4AUtyt/Fi7D16Q==",
      "dev": true,
      "dependencies": {
        "ansi-styles": "^4.0.0",
        "string-width": "^4.1.0",
        "strip-ansi": "^6.0.0"
      },
      "engines": {
        "node": ">=10"
      },
      "funding": {
        "url": "https://github.com/chalk/wrap-ansi?sponsor=1"
      }
    },
    "node_modules/wrap-ansi-cjs/node_modules/ansi-regex": {
      "version": "5.0.1",
      "resolved": "https://registry.npmjs.org/ansi-regex/-/ansi-regex-5.0.1.tgz",
      "integrity": "sha512-quJQXlTSUGL2LH9SUXo8VwsY4soanhgo6LNSm84E1LBcE8s3O0wpdiRzyR9z/ZZJMlMWv37qOOb9pdJlMUEKFQ==",
      "dev": true,
      "engines": {
        "node": ">=8"
      }
    },
    "node_modules/wrap-ansi-cjs/node_modules/ansi-styles": {
      "version": "4.3.0",
      "resolved": "https://registry.npmjs.org/ansi-styles/-/ansi-styles-4.3.0.tgz",
      "integrity": "sha512-zbB9rCJAT1rbjiVDb2hqKFHNYLxgtk8NURxZ3IZwD3F6NtxbXZQCnnSi1Lkx+IDohdPlFp222wVALIheZJQSEg==",
      "dev": true,
      "dependencies": {
        "color-convert": "^2.0.1"
      },
      "engines": {
        "node": ">=8"
      },
      "funding": {
        "url": "https://github.com/chalk/ansi-styles?sponsor=1"
      }
    },
    "node_modules/wrap-ansi-cjs/node_modules/emoji-regex": {
      "version": "8.0.0",
      "resolved": "https://registry.npmjs.org/emoji-regex/-/emoji-regex-8.0.0.tgz",
      "integrity": "sha512-MSjYzcWNOA0ewAHpz0MxpYFvwg6yjy1NG3xteoqz644VCo/RPgnr1/GGt+ic3iJTzQ8Eu3TdM14SawnVUmGE6A==",
      "dev": true
    },
    "node_modules/wrap-ansi-cjs/node_modules/string-width": {
      "version": "4.2.3",
      "resolved": "https://registry.npmjs.org/string-width/-/string-width-4.2.3.tgz",
      "integrity": "sha512-wKyQRQpjJ0sIp62ErSZdGsjMJWsap5oRNihHhu6G7JVO/9jIB6UyevL+tXuOqrng8j/cxKTWyWUwvSTriiZz/g==",
      "dev": true,
      "dependencies": {
        "emoji-regex": "^8.0.0",
        "is-fullwidth-code-point": "^3.0.0",
        "strip-ansi": "^6.0.1"
      },
      "engines": {
        "node": ">=8"
      }
    },
    "node_modules/wrap-ansi-cjs/node_modules/strip-ansi": {
      "version": "6.0.1",
      "resolved": "https://registry.npmjs.org/strip-ansi/-/strip-ansi-6.0.1.tgz",
      "integrity": "sha512-Y38VPSHcqkFrCpFnQ9vuSXmquuv5oXOKpGeT6aGrr3o3Gc9AlVa6JBfUSOCnbxGGZF+/0ooI7KrPuUSztUdU5A==",
      "dev": true,
      "dependencies": {
        "ansi-regex": "^5.0.1"
      },
      "engines": {
        "node": ">=8"
      }
    }
  }
}
